
Microsoft Visual Studio Solution File, Format Version 12.00
# Visual Studio 2013
VisualStudioVersion = 12.0.21005.1
MinimumVisualStudioVersion = 10.0.40219.1
Project("{FAE04EC0-301F-11D3-BF4B-00C04F79EFBC}") = "IDPProjectWebsite", "IDPProjectWebsite\IDPProjectWebsite.csproj", "{8E5F7B3A-4041-4819-A78A-0C984A19BB29}"
EndProject
Global
	GlobalSection(SolutionConfigurationPlatforms) = preSolution
		Debug|Any CPU = Debug|Any CPU
		Release|Any CPU = Release|Any CPU
	EndGlobalSection
	GlobalSection(ProjectConfigurationPlatforms) = postSolution
		{8E5F7B3A-4041-4819-A78A-0C984A19BB29}.Debug|Any CPU.ActiveCfg = Debug|Any CPU
		{8E5F7B3A-4041-4819-A78A-0C984A19BB29}.Debug|Any CPU.Build.0 = Debug|Any CPU
		{8E5F7B3A-4041-4819-A78A-0C984A19BB29}.Release|Any CPU.ActiveCfg = Release|Any CPU
		{8E5F7B3A-4041-4819-A78A-0C984A19BB29}.Release|Any CPU.Build.0 = Release|Any CPU
	EndGlobalSection
	GlobalSection(SolutionProperties) = preSolution
		HideSolutionNode = FALSE
	EndGlobalSection
EndGlobal
